// !$*UTF8*$!
{
	archiveVersion = 1;
	classes = {
	};
	objectVersion = 56;
	objects = {

/* Begin PBXBuildFile section */
		50856FB22AB8464800AC8F45 /* DragDropApp.swift in Sources */ = {isa = PBXBuildFile; fileRef = 50856FB12AB8464800AC8F45 /* DragDropApp.swift */; };
		50856FB42AB8464800AC8F45 /* ContentView.swift in Sources */ = {isa = PBXBuildFile; fileRef = 50856FB32AB8464800AC8F45 /* ContentView.swift */; };
		50856FB62AB8464B00AC8F45 /* Assets.xcassets in Resources */ = {isa = PBXBuildFile; fileRef = 50856FB52AB8464B00AC8F45 /* Assets.xcassets */; };
		50856FB92AB8464B00AC8F45 /* Preview Assets.xcassets in Resources */ = {isa = PBXBuildFile; fileRef = 50856FB82AB8464B00AC8F45 /* Preview Assets.xcassets */; };
		50856FBB2AB8464B00AC8F45 /* Persistence.swift in Sources */ = {isa = PBXBuildFile; fileRef = 50856FBA2AB8464B00AC8F45 /* Persistence.swift */; };
		50856FBE2AB8464B00AC8F45 /* DragDrop.xcdatamodeld in Sources */ = {isa = PBXBuildFile; fileRef = 50856FBC2AB8464B00AC8F45 /* DragDrop.xcdatamodeld */; };
		50856FC62AB846F000AC8F45 /* Model.swift in Sources */ = {isa = PBXBuildFile; fileRef = 50856FC52AB846F000AC8F45 /* Model.swift */; };
		50856FCA2AB8488D00AC8F45 /* CitiesViewModel.swift in Sources */ = {isa = PBXBuildFile; fileRef = 50856FC92AB8488D00AC8F45 /* CitiesViewModel.swift */; };
		50856FCE2AB84E7000AC8F45 /* Algorithms in Frameworks */ = {isa = PBXBuildFile; productRef = 50856FCD2AB84E7000AC8F45 /* Algorithms */; };
/* End PBXBuildFile section */

/* Begin PBXFileReference section */
		50856FAE2AB8464800AC8F45 /* DragDrop.app */ = {isa = PBXFileReference; explicitFileType = wrapper.application; includeInIndex = 0; path = DragDrop.app; sourceTree = BUILT_PRODUCTS_DIR; };
		50856FB12AB8464800AC8F45 /* DragDropApp.swift */ = {isa = PBXFileReference; lastKnownFileType = sourcecode.swift; path = DragDropApp.swift; sourceTree = "<group>"; };
		50856FB32AB8464800AC8F45 /* ContentView.swift */ = {isa = PBXFileReference; lastKnownFileType = sourcecode.swift; path = ContentView.swift; sourceTree = "<group>"; };
		50856FB52AB8464B00AC8F45 /* Assets.xcassets */ = {isa = PBXFileReference; lastKnownFileType = folder.assetcatalog; path = Assets.xcassets; sourceTree = "<group>"; };
		50856FB82AB8464B00AC8F45 /* Preview Assets.xcassets */ = {isa = PBXFileReference; lastKnownFileType = folder.assetcatalog; path = "Preview Assets.xcassets"; sourceTree = "<group>"; };
		50856FBA2AB8464B00AC8F45 /* Persistence.swift */ = {isa = PBXFileReference; lastKnownFileType = sourcecode.swift; path = Persistence.swift; sourceTree = "<group>"; };
		50856FBD2AB8464B00AC8F45 /* DragDrop.xcdatamodel */ = {isa = PBXFileReference; lastKnownFileType = wrapper.xcdatamodel; path = DragDrop.xcdatamodel; sourceTree = "<group>"; };
		50856FC52AB846F000AC8F45 /* Model.swift */ = {isa = PBXFileReference; lastKnownFileType = sourcecode.swift; path = Model.swift; sourceTree = "<group>"; };
		50856FC72AB8475B00AC8F45 /* Info.plist */ = {isa = PBXFileReference; lastKnownFileType = text.plist; path = Info.plist; sourceTree = "<group>"; };
		50856FC92AB8488D00AC8F45 /* CitiesViewModel.swift */ = {isa = PBXFileReference; lastKnownFileType = sourcecode.swift; path = CitiesViewModel.swift; sourceTree = "<group>"; };
/* End PBXFileReference section */

/* Begin PBXFrameworksBuildPhase section */
		50856FAB2AB8464800AC8F45 /* Frameworks */ = {
			isa = PBXFrameworksBuildPhase;
			buildActionMask = 2147483647;
			files = (
				50856FCE2AB84E7000AC8F45 /* Algorithms in Frameworks */,
			);
			runOnlyForDeploymentPostprocessing = 0;
		};
/* End PBXFrameworksBuildPhase section */

/* Begin PBXGroup section */
		50856FA52AB8464800AC8F45 = {
			isa = PBXGroup;
			children = (
				50856FB02AB8464800AC8F45 /* DragDrop */,
				50856FAF2AB8464800AC8F45 /* Products */,
			);
			sourceTree = "<group>";
		};
		50856FAF2AB8464800AC8F45 /* Products */ = {
			isa = PBXGroup;
			children = (
				50856FAE2AB8464800AC8F45 /* DragDrop.app */,
			);
			name = Products;
			sourceTree = "<group>";
		};
		50856FB02AB8464800AC8F45 /* DragDrop */ = {
			isa = PBXGroup;
			children = (
				50856FC72AB8475B00AC8F45 /* Info.plist */,
				50856FB12AB8464800AC8F45 /* DragDropApp.swift */,
				50856FB32AB8464800AC8F45 /* ContentView.swift */,
				50856FC82AB8486A00AC8F45 /* lmanger */,
				50856FC42AB846A200AC8F45 /* Models */,
				50856FB52AB8464B00AC8F45 /* Assets.xcassets */,
				50856FBA2AB8464B00AC8F45 /* Persistence.swift */,
				50856FBC2AB8464B00AC8F45 /* DragDrop.xcdatamodeld */,
				50856FB72AB8464B00AC8F45 /* Preview Content */,
			);
			path = DragDrop;
			sourceTree = "<group>";
		};
		50856FB72AB8464B00AC8F45 /* Preview Content */ = {
			isa = PBXGroup;
			children = (
				50856FB82AB8464B00AC8F45 /* Preview Assets.xcassets */,
			);
			path = "Preview Content";
			sourceTree = "<group>";
		};
		50856FC42AB846A200AC8F45 /* Models */ = {
			isa = PBXGroup;
			children = (
				50856FC52AB846F000AC8F45 /* Model.swift */,
			);
			path = Models;
			sourceTree = "<group>";
		};
		50856FC82AB8486A00AC8F45 /* lmanger */ = {
			isa = PBXGroup;
			children = (
				50856FC92AB8488D00AC8F45 /* CitiesViewModel.swift */,
			);
			path = lmanger;
			sourceTree = "<group>";
		};
/* End PBXGroup section */

/* Begin PBXNativeTarget section */
		50856FAD2AB8464800AC8F45 /* DragDrop */ = {
			isa = PBXNativeTarget;
			buildConfigurationList = 50856FC12AB8464B00AC8F45 /* Build configuration list for PBXNativeTarget "DragDrop" */;
			buildPhases = (
				50856FAA2AB8464800AC8F45 /* Sources */,
				50856FAB2AB8464800AC8F45 /* Frameworks */,
				50856FAC2AB8464800AC8F45 /* Resources */,
			);
			buildRules = (
			);
			dependencies = (
			);
			name = DragDrop;
			packageProductDependencies = (
				50856FCD2AB84E7000AC8F45 /* Algorithms */,
			);
			productName = DragDrop;
			productReference = 50856FAE2AB8464800AC8F45 /* DragDrop.app */;
			productType = "com.apple.product-type.application";
		};
/* End PBXNativeTarget section */

/* Begin PBXProject section */
		50856FA62AB8464800AC8F45 /* Project object */ = {
			isa = PBXProject;
			attributes = {
				BuildIndependentTargetsInParallel = 1;
				LastSwiftUpdateCheck = 1430;
				LastUpgradeCheck = 1430;
				TargetAttributes = {
					50856FAD2AB8464800AC8F45 = {
						CreatedOnToolsVersion = 14.3.1;
					};
				};
			};
			buildConfigurationList = 50856FA92AB8464800AC8F45 /* Build configuration list for PBXProject "DragDrop" */;
			compatibilityVersion = "Xcode 14.0";
			developmentRegion = en;
			hasScannedForEncodings = 0;
			knownRegions = (
				en,
				Base,
			);
			mainGroup = 50856FA52AB8464800AC8F45;
			packageReferences = (
				50856FCC2AB84E7000AC8F45 /* XCRemoteSwiftPackageReference "swift-algorithms" */,
			);
			productRefGroup = 50856FAF2AB8464800AC8F45 /* Products */;
			projectDirPath = "";
			projectRoot = "";
			targets = (
				50856FAD2AB8464800AC8F45 /* DragDrop */,
			);
		};
/* End PBXProject section */

/* Begin PBXResourcesBuildPhase section */
		50856FAC2AB8464800AC8F45 /* Resources */ = {
			isa = PBXResourcesBuildPhase;
			buildActionMask = 2147483647;
			files = (
				50856FB92AB8464B00AC8F45 /* Preview Assets.xcassets in Resources */,
				50856FB62AB8464B00AC8F45 /* Assets.xcassets in Resources */,
			);
			runOnlyForDeploymentPostprocessing = 0;
		};
/* End PBXResourcesBuildPhase section */

/* Begin PBXSourcesBuildPhase section */
		50856FAA2AB8464800AC8F45 /* Sources */ = {
			isa = PBXSourcesBuildPhase;
			buildActionMask = 2147483647;
			files = (
				50856FC62AB846F000AC8F45 /* Model.swift in Sources */,
				50856FBE2AB8464B00AC8F45 /* DragDrop.xcdatamodeld in Sources */,
				50856FCA2AB8488D00AC8F45 /* CitiesViewModel.swift in Sources */,
				50856FBB2AB8464B00AC8F45 /* Persistence.swift in Sources */,
				50856FB42AB8464800AC8F45 /* ContentView.swift in Sources */,
				50856FB22AB8464800AC8F45 /* DragDropApp.swift in Sources */,
			);
			runOnlyForDeploymentPostprocessing = 0;
		};
/* End PBXSourcesBuildPhase section */

/* Begin XCBuildConfiguration section */
		50856FBF2AB8464B00AC8F45 /* Debug */ = {
			isa = XCBuildConfiguration;
			buildSettings = {
				ALWAYS_SEARCH_USER_PATHS = NO;
				CLANG_ANALYZER_NONNULL = YES;
				CLANG_ANALYZER_NUMBER_OBJECT_CONVERSION = YES_AGGRESSIVE;
				CLANG_CXX_LANGUAGE_STANDARD = "gnu++20";
				CLANG_ENABLE_MODULES = YES;
				CLANG_ENABLE_OBJC_ARC = YES;
				CLANG_ENABLE_OBJC_WEAK = YES;
				CLANG_WARN_BLOCK_CAPTURE_AUTORELEASING = YES;
				CLANG_WARN_BOOL_CONVERSION = YES;
				CLANG_WARN_COMMA = YES;
				CLANG_WARN_CONSTANT_CONVERSION = YES;
				CLANG_WARN_DEPRECATED_OBJC_IMPLEMENTATIONS = YES;
				CLANG_WARN_DIRECT_OBJC_ISA_USAGE = YES_ERROR;
				CLANG_WARN_DOCUMENTATION_COMMENTS = YES;
				CLANG_WARN_EMPTY_BODY = YES;
				CLANG_WARN_ENUM_CONVERSION = YES;
				CLANG_WARN_INFINITE_RECURSION = YES;
				CLANG_WARN_INT_CONVERSION = YES;
				CLANG_WARN_NON_LITERAL_NULL_CONVERSION = YES;
				CLANG_WARN_OBJC_IMPLICIT_RETAIN_SELF = YES;
				CLANG_WARN_OBJC_LITERAL_CONVERSION = YES;
				CLANG_WARN_OBJC_ROOT_CLASS = YES_ERROR;
				CLANG_WARN_QUOTED_INCLUDE_IN_FRAMEWORK_HEADER = YES;
				CLANG_WARN_RANGE_LOOP_ANALYSIS = YES;
				CLANG_WARN_STRICT_PROTOTYPES = YES;
				CLANG_WARN_SUSPICIOUS_MOVE = YES;
				CLANG_WARN_UNGUARDED_AVAILABILITY = YES_AGGRESSIVE;
				CLANG_WARN_UNREACHABLE_CODE = YES;
				CLANG_WARN__DUPLICATE_METHOD_MATCH = YES;
				COPY_PHASE_STRIP = NO;
				DEBUG_INFORMATION_FORMAT = dwarf;
				ENABLE_STRICT_OBJC_MSGSEND = YES;
				ENABLE_TESTABILITY = YES;
				GCC_C_LANGUAGE_STANDARD = gnu11;
				GCC_DYNAMIC_NO_PIC = NO;
				GCC_NO_COMMON_BLOCKS = YES;
				GCC_OPTIMIZATION_LEVEL = 0;
				GCC_PREPROCESSOR_DEFINITIONS = (
					"DEBUG=1",
					"$(inherited)",
				);
				GCC_WARN_64_TO_32_BIT_CONVERSION = YES;
				GCC_WARN_ABOUT_RETURN_TYPE = YES_ERROR;
				GCC_WARN_UNDECLARED_SELECTOR = YES;
				GCC_WARN_UNINITIALIZED_AUTOS = YES_AGGRESSIVE;
				GCC_WARN_UNUSED_FUNCTION = YES;
				GCC_WARN_UNUSED_VARIABLE = YES;
				IPHONEOS_DEPLOYMENT_TARGET = 16.4;
				MTL_ENABLE_DEBUG_INFO = INCLUDE_SOURCE;
				MTL_FAST_MATH = YES;
				ONLY_ACTIVE_ARCH = YES;
				SDKROOT = iphoneos;
				SWIFT_ACTIVE_COMPILATION_CONDITIONS = DEBUG;
				SWIFT_OPTIMIZATION_LEVEL = "-Onone";
			};
			name = Debug;
		};
		50856FC02AB8464B00AC8F45 /* Release */ = {
			isa = XCBuildConfiguration;
			buildSettings = {
				ALWAYS_SEARCH_USER_PATHS = NO;
				CLANG_ANALYZER_NONNULL = YES;
				CLANG_ANALYZER_NUMBER_OBJECT_CONVERSION = YES_AGGRESSIVE;
				CLANG_CXX_LANGUAGE_STANDARD = "gnu++20";
				CLANG_ENABLE_MODULES = YES;
				CLANG_ENABLE_OBJC_ARC = YES;
				CLANG_ENABLE_OBJC_WEAK = YES;
				CLANG_WARN_BLOCK_CAPTURE_AUTORELEASING = YES;
				CLANG_WARN_BOOL_CONVERSION = YES;
				CLANG_WARN_COMMA = YES;
				CLANG_WARN_CONSTANT_CONVERSION = YES;
				CLANG_WARN_DEPRECATED_OBJC_IMPLEMENTATIONS = YES;
				CLANG_WARN_DIRECT_OBJC_ISA_USAGE = YES_ERROR;
				CLANG_WARN_DOCUMENTATION_COMMENTS = YES;
				CLANG_WARN_EMPTY_BODY = YES;
				CLANG_WARN_ENUM_CONVERSION = YES;
				CLANG_WARN_INFINITE_RECURSION = YES;
				CLANG_WARN_INT_CONVERSION = YES;
				CLANG_WARN_NON_LITERAL_NULL_CONVERSION = YES;
				CLANG_WARN_OBJC_IMPLICIT_RETAIN_SELF = YES;
				CLANG_WARN_OBJC_LITERAL_CONVERSION = YES;
				CLANG_WARN_OBJC_ROOT_CLASS = YES_ERROR;
				CLANG_WARN_QUOTED_INCLUDE_IN_FRAMEWORK_HEADER = YES;
				CLANG_WARN_RANGE_LOOP_ANALYSIS = YES;
				CLANG_WARN_STRICT_PROTOTYPES = YES;
				CLANG_WARN_SUSPICIOUS_MOVE = YES;
				CLANG_WARN_UNGUARDED_AVAILABILITY = YES_AGGRESSIVE;
				CLANG_WARN_UNREACHABLE_CODE = YES;
				CLANG_WARN__DUPLICATE_METHOD_MATCH = YES;
				COPY_PHASE_STRIP = NO;
				DEBUG_INFORMATION_FORMAT = "dwarf-with-dsym";
				ENABLE_NS_ASSERTIONS = NO;
				ENABLE_STRICT_OBJC_MSGSEND = YES;
				GCC_C_LANGUAGE_STANDARD = gnu11;
				GCC_NO_COMMON_BLOCKS = YES;
				GCC_WARN_64_TO_32_BIT_CONVERSION = YES;
				GCC_WARN_ABOUT_RETURN_TYPE = YES_ERROR;
				GCC_WARN_UNDECLARED_SELECTOR = YES;
				GCC_WARN_UNINITIALIZED_AUTOS = YES_AGGRESSIVE;
				GCC_WARN_UNUSED_FUNCTION = YES;
				GCC_WARN_UNUSED_VARIABLE = YES;
				IPHONEOS_DEPLOYMENT_TARGET = 16.4;
				MTL_ENABLE_DEBUG_INFO = NO;
				MTL_FAST_MATH = YES;
				SDKROOT = iphoneos;
				SWIFT_COMPILATION_MODE = wholemodule;
				SWIFT_OPTIMIZATION_LEVEL = "-O";
				VALIDATE_PRODUCT = YES;
			};
			name = Release;
		};
		50856FC22AB8464B00AC8F45 /* Debug */ = {
			isa = XCBuildConfiguration;
			buildSettings = {
				ASSETCATALOG_COMPILER_APPICON_NAME = AppIcon;
				ASSETCATALOG_COMPILER_GLOBAL_ACCENT_COLOR_NAME = AccentColor;
				CODE_SIGN_STYLE = Automatic;
				CURRENT_PROJECT_VERSION = 1;
				DEVELOPMENT_ASSET_PATHS = "\"DragDrop/Preview Content\"";
				DEVELOPMENT_TEAM = B834HTAS8P;
				ENABLE_PREVIEWS = YES;
				GENERATE_INFOPLIST_FILE = YES;
				INFOPLIST_FILE = DragDrop/Info.plist;
				INFOPLIST_KEY_UIApplicationSceneManifest_Generation = YES;
				INFOPLIST_KEY_UIApplicationSupportsIndirectInputEvents = YES;
				INFOPLIST_KEY_UILaunchScreen_Generation = YES;
				INFOPLIST_KEY_UISupportedInterfaceOrientations_iPad = "UIInterfaceOrientationPortrait UIInterfaceOrientationPortraitUpsideDown UIInterfaceOrientationLandscapeLeft UIInterfaceOrientationLandscapeRight";
				INFOPLIST_KEY_UISupportedInterfaceOrientations_iPhone = "UIInterfaceOrientationPortrait UIInterfaceOrientationLandscapeLeft UIInterfaceOrientationLandscapeRight";
				LD_RUNPATH_SEARCH_PATHS = (
					"$(inherited)",
					"@executable_path/Frameworks",
				);
				MARKETING_VERSION = 1.0;
				PRODUCT_BUNDLE_IDENTIFIER = io.aziza.DragDrop;
				PRODUCT_NAME = "$(TARGET_NAME)";
				SWIFT_EMIT_LOC_STRINGS = YES;
				SWIFT_VERSION = 5.0;
				TARGETED_DEVICE_FAMILY = "1,2";
			};
			name = Debug;
		};
		50856FC32AB8464B00AC8F45 /* Release */ = {
			isa = XCBuildConfiguration;
			buildSettings = {
				ASSETCATALOG_COMPILER_APPICON_NAME = AppIcon;
				ASSETCATALOG_COMPILER_GLOBAL_ACCENT_COLOR_NAME = AccentColor;
				CODE_SIGN_STYLE = Automatic;
				CURRENT_PROJECT_VERSION = 1;
				DEVELOPMENT_ASSET_PATHS = "\"DragDrop/Preview Content\"";
				DEVELOPMENT_TEAM = B834HTAS8P;
				ENABLE_PREVIEWS = YES;
				GENERATE_INFOPLIST_FILE = YES;
				INFOPLIST_FILE = DragDrop/Info.plist;
				INFOPLIST_KEY_UIApplicationSceneManifest_Generation = YES;
				INFOPLIST_KEY_UIApplicationSupportsIndirectInputEvents = YES;
				INFOPLIST_KEY_UILaunchScreen_Generation = YES;
				INFOPLIST_KEY_UISupportedInterfaceOrientations_iPad = "UIInterfaceOrientationPortrait UIInterfaceOrientationPortraitUpsideDown UIInterfaceOrientationLandscapeLeft UIInterfaceOrientationLandscapeRight";
				INFOPLIST_KEY_UISupportedInterfaceOrientations_iPhone = "UIInterfaceOrientationPortrait UIInterfaceOrientationLandscapeLeft UIInterfaceOrientationLandscapeRight";
				LD_RUNPATH_SEARCH_PATHS = (
					"$(inherited)",
					"@executable_path/Frameworks",
				);
				MARKETING_VERSION = 1.0;
				PRODUCT_BUNDLE_IDENTIFIER = io.aziza.DragDrop;
				PRODUCT_NAME = "$(TARGET_NAME)";
				SWIFT_EMIT_LOC_STRINGS = YES;
				SWIFT_VERSION = 5.0;
				TARGETED_DEVICE_FAMILY = "1,2";
			};
			name = Release;
		};
/* End XCBuildConfiguration section */

/* Begin XCConfigurationList section */
		50856FA92AB8464800AC8F45 /* Build configuration list for PBXProject "DragDrop" */ = {
			isa = XCConfigurationList;
			buildConfigurations = (
				50856FBF2AB8464B00AC8F45 /* Debug */,
				50856FC02AB8464B00AC8F45 /* Release */,
			);
			defaultConfigurationIsVisible = 0;
			defaultConfigurationName = Release;
		};
		50856FC12AB8464B00AC8F45 /* Build configuration list for PBXNativeTarget "DragDrop" */ = {
			isa = XCConfigurationList;
			buildConfigurations = (
				50856FC22AB8464B00AC8F45 /* Debug */,
				50856FC32AB8464B00AC8F45 /* Release */,
			);
			defaultConfigurationIsVisible = 0;
			defaultConfigurationName = Release;
		};
/* End XCConfigurationList section */

/* Begin XCRemoteSwiftPackageReference section */
		50856FCC2AB84E7000AC8F45 /* XCRemoteSwiftPackageReference "swift-algorithms" */ = {
			isa = XCRemoteSwiftPackageReference;
			repositoryURL = "https://github.com/apple/swift-algorithms.git";
			requirement = {
				kind = upToNextMajorVersion;
				minimumVersion = 1.0.0;
			};
		};
/* End XCRemoteSwiftPackageReference section */

/* Begin XCSwiftPackageProductDependency section */
		50856FCD2AB84E7000AC8F45 /* Algorithms */ = {
			isa = XCSwiftPackageProductDependency;
			package = 50856FCC2AB84E7000AC8F45 /* XCRemoteSwiftPackageReference "swift-algorithms" */;
			productName = Algorithms;
		};
/* End XCSwiftPackageProductDependency section */

/* Begin XCVersionGroup section */
		50856FBC2AB8464B00AC8F45 /* DragDrop.xcdatamodeld */ = {
			isa = XCVersionGroup;
			children = (
				50856FBD2AB8464B00AC8F45 /* DragDrop.xcdatamodel */,
			);
			currentVersion = 50856FBD2AB8464B00AC8F45 /* DragDrop.xcdatamodel */;
			path = DragDrop.xcdatamodeld;
			sourceTree = "<group>";
			versionGroupType = wrapper.xcdatamodel;
		};
/* End XCVersionGroup section */
	};
	rootObject = 50856FA62AB8464800AC8F45 /* Project object */;
}
